
Microsoft Visual Studio Solution File, Format Version 11.00
# Visual C# Express 2010
Project("{FAE04EC0-301F-11D3-BF4B-00C04F79EFBC}") = "keyGame", "keyGame\keyGame.csproj", "{4AB53229-F344-458B-8685-857F1A7C8A24}"
EndProject
Global
	GlobalSection(SolutionConfigurationPlatforms) = preSolution
		Debug|x86 = Debug|x86
		Release|x86 = Release|x86
	EndGlobalSection
	GlobalSection(ProjectConfigurationPlatforms) = postSolution
		{4AB53229-F344-458B-8685-857F1A7C8A24}.Debug|x86.ActiveCfg = Debug|x86
		{4AB53229-F344-458B-8685-857F1A7C8A24}.Debug|x86.Build.0 = Debug|x86
		{4AB53229-F344-458B-8685-857F1A7C8A24}.Release|x86.ActiveCfg = Release|x86
		{4AB53229-F344-458B-8685-857F1A7C8A24}.Release|x86.Build.0 = Release|x86
	EndGlobalSection
	GlobalSection(SolutionProperties) = preSolution
		HideSolutionNode = FALSE
	EndGlobalSection
EndGlobal
